
Microsoft Visual Studio Solution File, Format Version 12.00
# Visual Studio Version 16
VisualStudioVersion = 16.0.30523.141
MinimumVisualStudioVersion = 10.0.40219.1
Project("{FAE04EC0-301F-11D3-BF4B-00C04F79EFBC}") = "pruebaMasivian", "pruebaMasivian.csproj", "{6241B9A2-5E59-47BC-8BF9-448C6DAC5951}"
EndProject
Global
	GlobalSection(SolutionConfigurationPlatforms) = preSolution
		Debug|Any CPU = Debug|Any CPU
		Release|Any CPU = Release|Any CPU
	EndGlobalSection
	GlobalSection(ProjectConfigurationPlatforms) = postSolution
		{6241B9A2-5E59-47BC-8BF9-448C6DAC5951}.Debug|Any CPU.ActiveCfg = Debug|Any CPU
		{6241B9A2-5E59-47BC-8BF9-448C6DAC5951}.Debug|Any CPU.Build.0 = Debug|Any CPU
		{6241B9A2-5E59-47BC-8BF9-448C6DAC5951}.Release|Any CPU.ActiveCfg = Release|Any CPU
		{6241B9A2-5E59-47BC-8BF9-448C6DAC5951}.Release|Any CPU.Build.0 = Release|Any CPU
	EndGlobalSection
	GlobalSection(SolutionProperties) = preSolution
		HideSolutionNode = FALSE
	EndGlobalSection
	GlobalSection(ExtensibilityGlobals) = postSolution
		SolutionGuid = {8F54BD5E-4EBE-45BC-943A-4FD854227A7F}
	EndGlobalSection
EndGlobal
